
Microsoft Visual Studio Solution File, Format Version 12.00
# Visual Studio Version 17
VisualStudioVersion = 17.14.36221.1 d17.14
MinimumVisualStudioVersion = 10.0.40219.1
Project("{FAE04EC0-301F-11D3-BF4B-00C04F79EFBC}") = "SustainabilityWebApp", "SustainabilityWebApp.csproj", "{347B4C3C-E946-4C99-89AF-371ED6FD0032}"
EndProject
Global
	GlobalSection(SolutionConfigurationPlatforms) = preSolution
		Debug|Any CPU = Debug|Any CPU
		Release|Any CPU = Release|Any CPU
	EndGlobalSection
	GlobalSection(ProjectConfigurationPlatforms) = postSolution
		{347B4C3C-E946-4C99-89AF-371ED6FD0032}.Debug|Any CPU.ActiveCfg = Debug|Any CPU
		{347B4C3C-E946-4C99-89AF-371ED6FD0032}.Debug|Any CPU.Build.0 = Debug|Any CPU
		{347B4C3C-E946-4C99-89AF-371ED6FD0032}.Release|Any CPU.ActiveCfg = Release|Any CPU
		{347B4C3C-E946-4C99-89AF-371ED6FD0032}.Release|Any CPU.Build.0 = Release|Any CPU
	EndGlobalSection
	GlobalSection(SolutionProperties) = preSolution
		HideSolutionNode = FALSE
	EndGlobalSection
	GlobalSection(ExtensibilityGlobals) = postSolution
		SolutionGuid = {83A89B93-2DCF-456F-B137-950EE98100DD}
	EndGlobalSection
EndGlobal
